// !$*UTF8*$!
{
	archiveVersion = 1;
	classes = {
	};
	objectVersion = 46;
	objects = {

/* Begin PBXBuildFile section */
		8915417B1A7A6C7700501DC1 /* AlbumTableViewController.m in Sources */ = {isa = PBXBuildFile; fileRef = 8915417A1A7A6C7700501DC1 /* AlbumTableViewController.m */; };
		8915417E1A7A716600501DC1 /* AlbumTableViewCell.m in Sources */ = {isa = PBXBuildFile; fileRef = 8915417D1A7A716600501DC1 /* AlbumTableViewCell.m */; };
		894F3D831A5FC29600552369 /* main.m in Sources */ = {isa = PBXBuildFile; fileRef = 894F3D821A5FC29600552369 /* main.m */; };
		894F3D861A5FC29600552369 /* AppDelegate.m in Sources */ = {isa = PBXBuildFile; fileRef = 894F3D851A5FC29600552369 /* AppDelegate.m */; };
		894F3D891A5FC29600552369 /* Fuwarai_Test.xcdatamodeld in Sources */ = {isa = PBXBuildFile; fileRef = 894F3D871A5FC29600552369 /* Fuwarai_Test.xcdatamodeld */; };
		894F3D8C1A5FC29600552369 /* ViewController.m in Sources */ = {isa = PBXBuildFile; fileRef = 894F3D8B1A5FC29600552369 /* ViewController.m */; };
		894F3D8F1A5FC29600552369 /* Main.storyboard in Resources */ = {isa = PBXBuildFile; fileRef = 894F3D8D1A5FC29600552369 /* Main.storyboard */; };
		894F3D911A5FC29600552369 /* Images.xcassets in Resources */ = {isa = PBXBuildFile; fileRef = 894F3D901A5FC29600552369 /* Images.xcassets */; };
		894F3D941A5FC29600552369 /* LaunchScreen.xib in Resources */ = {isa = PBXBuildFile; fileRef = 894F3D921A5FC29600552369 /* LaunchScreen.xib */; };
		894F3DA01A5FC29600552369 /* Fuwarai_TestTests.m in Sources */ = {isa = PBXBuildFile; fileRef = 894F3D9F1A5FC29600552369 /* Fuwarai_TestTests.m */; };
		894F3DAA1A5FC42F00552369 /* AVFoundation.framework in Frameworks */ = {isa = PBXBuildFile; fileRef = 894F3DA91A5FC42F00552369 /* AVFoundation.framework */; };
		89514D5F1A735A5C009E0DAD /* AfterTakePhotViewController.mm in Sources */ = {isa = PBXBuildFile; fileRef = 89514D5E1A735A5C009E0DAD /* AfterTakePhotViewController.mm */; };
		89514D611A74D4F3009E0DAD /* opencv2.framework in Frameworks */ = {isa = PBXBuildFile; fileRef = 89514D601A74D4F3009E0DAD /* opencv2.framework */; };
		89514D661A74DB99009E0DAD /* haarcascade_eye.xml in Resources */ = {isa = PBXBuildFile; fileRef = 89514D621A74DB99009E0DAD /* haarcascade_eye.xml */; };
		89514D671A74DB99009E0DAD /* haarcascade_frontalface_alt.xml in Resources */ = {isa = PBXBuildFile; fileRef = 89514D631A74DB99009E0DAD /* haarcascade_frontalface_alt.xml */; };
		89514D681A74DB99009E0DAD /* haarcascade_mcs_nose.xml in Resources */ = {isa = PBXBuildFile; fileRef = 89514D641A74DB99009E0DAD /* haarcascade_mcs_nose.xml */; };
		89514D691A74DB99009E0DAD /* haarcascade_mcs_mouth.xml in Resources */ = {isa = PBXBuildFile; fileRef = 89514D651A74DB99009E0DAD /* haarcascade_mcs_mouth.xml */; };
		89B3157B1A77326C00014D05 /* AssetsLibrary.framework in Frameworks */ = {isa = PBXBuildFile; fileRef = 89514D6E1A75D30A009E0DAD /* AssetsLibrary.framework */; };
		89B3157D1A77E20100014D05 /* CoreGraphics.framework in Frameworks */ = {isa = PBXBuildFile; fileRef = 89B3157C1A77E20100014D05 /* CoreGraphics.framework */; };
		89B3157F1A77E21000014D05 /* QuartzCore.framework in Frameworks */ = {isa = PBXBuildFile; fileRef = 89B3157E1A77E21000014D05 /* QuartzCore.framework */; };
		89B315821A77E59400014D05 /* ThumViewController.m in Sources */ = {isa = PBXBuildFile; fileRef = 89B315811A77E59400014D05 /* ThumViewController.m */; };
		89B315841A77E79600014D05 /* UIKit.framework in Frameworks */ = {isa = PBXBuildFile; fileRef = 89B315831A77E79600014D05 /* UIKit.framework */; };
/* End PBXBuildFile section */

/* Begin PBXContainerItemProxy section */
		894F3D9A1A5FC29600552369 /* PBXContainerItemProxy */ = {
			isa = PBXContainerItemProxy;
			containerPortal = 894F3D751A5FC29600552369 /* Project object */;
			proxyType = 1;
			remoteGlobalIDString = 894F3D7C1A5FC29600552369;
			remoteInfo = Fuwarai_Test;
		};
/* End PBXContainerItemProxy section */

/* Begin PBXFileReference section */
		891541791A7A6C7700501DC1 /* AlbumTableViewController.h */ = {isa = PBXFileReference; fileEncoding = 4; lastKnownFileType = sourcecode.c.h; path = AlbumTableViewController.h; sourceTree = "<group>"; };
		8915417A1A7A6C7700501DC1 /* AlbumTableViewController.m */ = {isa = PBXFileReference; fileEncoding = 4; lastKnownFileType = sourcecode.c.objc; path = AlbumTableViewController.m; sourceTree = "<group>"; };
		8915417C1A7A716600501DC1 /* AlbumTableViewCell.h */ = {isa = PBXFileReference; fileEncoding = 4; lastKnownFileType = sourcecode.c.h; path = AlbumTableViewCell.h; sourceTree = "<group>"; };
		8915417D1A7A716600501DC1 /* AlbumTableViewCell.m */ = {isa = PBXFileReference; fileEncoding = 4; lastKnownFileType = sourcecode.c.objc; path = AlbumTableViewCell.m; sourceTree = "<group>"; };
		894F3D7D1A5FC29600552369 /* Fuwarai_Test.app */ = {isa = PBXFileReference; explicitFileType = wrapper.application; includeInIndex = 0; path = Fuwarai_Test.app; sourceTree = BUILT_PRODUCTS_DIR; };
		894F3D811A5FC29600552369 /* Info.plist */ = {isa = PBXFileReference; lastKnownFileType = text.plist.xml; path = Info.plist; sourceTree = "<group>"; };
		894F3D821A5FC29600552369 /* main.m */ = {isa = PBXFileReference; lastKnownFileType = sourcecode.c.objc; path = main.m; sourceTree = "<group>"; };
		894F3D841A5FC29600552369 /* AppDelegate.h */ = {isa = PBXFileReference; lastKnownFileType = sourcecode.c.h; path = AppDelegate.h; sourceTree = "<group>"; };
		894F3D851A5FC29600552369 /* AppDelegate.m */ = {isa = PBXFileReference; lastKnownFileType = sourcecode.c.objc; path = AppDelegate.m; sourceTree = "<group>"; };
		894F3D881A5FC29600552369 /* Fuwarai_Test.xcdatamodel */ = {isa = PBXFileReference; lastKnownFileType = wrapper.xcdatamodel; path = Fuwarai_Test.xcdatamodel; sourceTree = "<group>"; };
		894F3D8A1A5FC29600552369 /* ViewController.h */ = {isa = PBXFileReference; lastKnownFileType = sourcecode.c.h; path = ViewController.h; sourceTree = "<group>"; };
		894F3D8B1A5FC29600552369 /* ViewController.m */ = {isa = PBXFileReference; lastKnownFileType = sourcecode.c.objc; path = ViewController.m; sourceTree = "<group>"; };
		894F3D8E1A5FC29600552369 /* Base */ = {isa = PBXFileReference; lastKnownFileType = file.storyboard; name = Base; path = Base.lproj/Main.storyboard; sourceTree = "<group>"; };
		894F3D901A5FC29600552369 /* Images.xcassets */ = {isa = PBXFileReference; lastKnownFileType = folder.assetcatalog; path = Images.xcassets; sourceTree = "<group>"; };
		894F3D931A5FC29600552369 /* Base */ = {isa = PBXFileReference; lastKnownFileType = file.xib; name = Base; path = Base.lproj/LaunchScreen.xib; sourceTree = "<group>"; };
		894F3D991A5FC29600552369 /* Fuwarai_TestTests.xctest */ = {isa = PBXFileReference; explicitFileType = wrapper.cfbundle; includeInIndex = 0; path = Fuwarai_TestTests.xctest; sourceTree = BUILT_PRODUCTS_DIR; };
		894F3D9E1A5FC29600552369 /* Info.plist */ = {isa = PBXFileReference; lastKnownFileType = text.plist.xml; path = Info.plist; sourceTree = "<group>"; };
		894F3D9F1A5FC29600552369 /* Fuwarai_TestTests.m */ = {isa = PBXFileReference; lastKnownFileType = sourcecode.c.objc; path = Fuwarai_TestTests.m; sourceTree = "<group>"; };
		894F3DA91A5FC42F00552369 /* AVFoundation.framework */ = {isa = PBXFileReference; lastKnownFileType = wrapper.framework; name = AVFoundation.framework; path = System/Library/Frameworks/AVFoundation.framework; sourceTree = SDKROOT; };
		89514D5D1A735A5C009E0DAD /* AfterTakePhotViewController.h */ = {isa = PBXFileReference; fileEncoding = 4; lastKnownFileType = sourcecode.c.h; name = AfterTakePhotViewController.h; path = ../AfterTakePhotViewController.h; sourceTree = "<group>"; };
		89514D5E1A735A5C009E0DAD /* AfterTakePhotViewController.mm */ = {isa = PBXFileReference; fileEncoding = 4; lastKnownFileType = sourcecode.cpp.objcpp; name = AfterTakePhotViewController.mm; path = ../AfterTakePhotViewController.mm; sourceTree = "<group>"; };
		89514D601A74D4F3009E0DAD /* opencv2.framework */ = {isa = PBXFileReference; lastKnownFileType = wrapper.framework; name = opencv2.framework; path = ../../opencv2.framework; sourceTree = "<group>"; };
		89514D621A74DB99009E0DAD /* haarcascade_eye.xml */ = {isa = PBXFileReference; fileEncoding = 4; lastKnownFileType = text.xml; name = haarcascade_eye.xml; path = ../../../opencv/data/haarcascades/haarcascade_eye.xml; sourceTree = "<group>"; };
		89514D631A74DB99009E0DAD /* haarcascade_frontalface_alt.xml */ = {isa = PBXFileReference; fileEncoding = 4; lastKnownFileType = text.xml; name = haarcascade_frontalface_alt.xml; path = ../../../opencv/data/haarcascades/haarcascade_frontalface_alt.xml; sourceTree = "<group>"; };
		89514D641A74DB99009E0DAD /* haarcascade_mcs_nose.xml */ = {isa = PBXFileReference; fileEncoding = 4; lastKnownFileType = text.xml; name = haarcascade_mcs_nose.xml; path = "../../../../../../Downloads/ios-face-detection-d35a62f475aa/OpenCV-2.2.0/haarcascades/haarcascade_mcs_nose.xml"; sourceTree = "<group>"; };
		89514D651A74DB99009E0DAD /* haarcascade_mcs_mouth.xml */ = {isa = PBXFileReference; fileEncoding = 4; lastKnownFileType = text.xml; name = haarcascade_mcs_mouth.xml; path = "../../../../../../Downloads/ios-face-detection-d35a62f475aa 3/OpenCV-2.2.0/haarcascades/haarcascade_mcs_mouth.xml"; sourceTree = "<group>"; };
		89514D6E1A75D30A009E0DAD /* AssetsLibrary.framework */ = {isa = PBXFileReference; lastKnownFileType = wrapper.framework; name = AssetsLibrary.framework; path = System/Library/Frameworks/AssetsLibrary.framework; sourceTree = SDKROOT; };
		89B3157C1A77E20100014D05 /* CoreGraphics.framework */ = {isa = PBXFileReference; lastKnownFileType = wrapper.framework; name = CoreGraphics.framework; path = System/Library/Frameworks/CoreGraphics.framework; sourceTree = SDKROOT; };
		89B3157E1A77E21000014D05 /* QuartzCore.framework */ = {isa = PBXFileReference; lastKnownFileType = wrapper.framework; name = QuartzCore.framework; path = System/Library/Frameworks/QuartzCore.framework; sourceTree = SDKROOT; };
		89B315801A77E59400014D05 /* ThumViewController.h */ = {isa = PBXFileReference; fileEncoding = 4; lastKnownFileType = sourcecode.c.h; path = ThumViewController.h; sourceTree = "<group>"; };
		89B315811A77E59400014D05 /* ThumViewController.m */ = {isa = PBXFileReference; fileEncoding = 4; lastKnownFileType = sourcecode.c.objc; path = ThumViewController.m; sourceTree = "<group>"; };
		89B315831A77E79600014D05 /* UIKit.framework */ = {isa = PBXFileReference; lastKnownFileType = wrapper.framework; name = UIKit.framework; path = System/Library/Frameworks/UIKit.framework; sourceTree = SDKROOT; };
/* End PBXFileReference section */

/* Begin PBXFrameworksBuildPhase section */
		894F3D7A1A5FC29600552369 /* Frameworks */ = {
			isa = PBXFrameworksBuildPhase;
			buildActionMask = 2147483647;
			files = (
				89B315841A77E79600014D05 /* UIKit.framework in Frameworks */,
				89B3157F1A77E21000014D05 /* QuartzCore.framework in Frameworks */,
				89B3157D1A77E20100014D05 /* CoreGraphics.framework in Frameworks */,
				89B3157B1A77326C00014D05 /* AssetsLibrary.framework in Frameworks */,
				89514D611A74D4F3009E0DAD /* opencv2.framework in Frameworks */,
				894F3DAA1A5FC42F00552369 /* AVFoundation.framework in Frameworks */,
			);
			runOnlyForDeploymentPostprocessing = 0;
		};
		894F3D961A5FC29600552369 /* Frameworks */ = {
			isa = PBXFrameworksBuildPhase;
			buildActionMask = 2147483647;
			files = (
			);
			runOnlyForDeploymentPostprocessing = 0;
		};
/* End PBXFrameworksBuildPhase section */

/* Begin PBXGroup section */
		8915417F1A7A717700501DC1 /* AlbumTabeleViewController */ = {
			isa = PBXGroup;
			children = (
				8915417C1A7A716600501DC1 /* AlbumTableViewCell.h */,
				8915417D1A7A716600501DC1 /* AlbumTableViewCell.m */,
				891541791A7A6C7700501DC1 /* AlbumTableViewController.h */,
				8915417A1A7A6C7700501DC1 /* AlbumTableViewController.m */,
			);
			name = AlbumTabeleViewController;
			sourceTree = "<group>";
		};
		894F3D741A5FC29600552369 = {
			isa = PBXGroup;
			children = (
				894F3DA91A5FC42F00552369 /* AVFoundation.framework */,
				89B315831A77E79600014D05 /* UIKit.framework */,
				89B3157E1A77E21000014D05 /* QuartzCore.framework */,
				89B3157C1A77E20100014D05 /* CoreGraphics.framework */,
				89514D6E1A75D30A009E0DAD /* AssetsLibrary.framework */,
				89514D601A74D4F3009E0DAD /* opencv2.framework */,
				894F3D7F1A5FC29600552369 /* Fuwarai_Test */,
				894F3D9C1A5FC29600552369 /* Fuwarai_TestTests */,
				894F3D7E1A5FC29600552369 /* Products */,
			);
			sourceTree = "<group>";
		};
		894F3D7E1A5FC29600552369 /* Products */ = {
			isa = PBXGroup;
			children = (
				894F3D7D1A5FC29600552369 /* Fuwarai_Test.app */,
				894F3D991A5FC29600552369 /* Fuwarai_TestTests.xctest */,
			);
			name = Products;
			sourceTree = "<group>";
		};
		894F3D7F1A5FC29600552369 /* Fuwarai_Test */ = {
			isa = PBXGroup;
			children = (
				8915417F1A7A717700501DC1 /* AlbumTabeleViewController */,
				89514D6A1A751C80009E0DAD /* xmlFile */,
				894F3D841A5FC29600552369 /* AppDelegate.h */,
				894F3D851A5FC29600552369 /* AppDelegate.m */,
				89514D5D1A735A5C009E0DAD /* AfterTakePhotViewController.h */,
				89514D5E1A735A5C009E0DAD /* AfterTakePhotViewController.mm */,
				894F3D8A1A5FC29600552369 /* ViewController.h */,
				894F3D8B1A5FC29600552369 /* ViewController.m */,
				89B315801A77E59400014D05 /* ThumViewController.h */,
				89B315811A77E59400014D05 /* ThumViewController.m */,
				894F3D8D1A5FC29600552369 /* Main.storyboard */,
				894F3D901A5FC29600552369 /* Images.xcassets */,
				894F3D921A5FC29600552369 /* LaunchScreen.xib */,
				894F3D871A5FC29600552369 /* Fuwarai_Test.xcdatamodeld */,
				894F3D801A5FC29600552369 /* Supporting Files */,
			);
			path = Fuwarai_Test;
			sourceTree = "<group>";
		};
		894F3D801A5FC29600552369 /* Supporting Files */ = {
			isa = PBXGroup;
			children = (
				894F3D811A5FC29600552369 /* Info.plist */,
				894F3D821A5FC29600552369 /* main.m */,
			);
			name = "Supporting Files";
			sourceTree = "<group>";
		};
		894F3D9C1A5FC29600552369 /* Fuwarai_TestTests */ = {
			isa = PBXGroup;
			children = (
				894F3D9F1A5FC29600552369 /* Fuwarai_TestTests.m */,
				894F3D9D1A5FC29600552369 /* Supporting Files */,
			);
			path = Fuwarai_TestTests;
			sourceTree = "<group>";
		};
		894F3D9D1A5FC29600552369 /* Supporting Files */ = {
			isa = PBXGroup;
			children = (
				894F3D9E1A5FC29600552369 /* Info.plist */,
			);
			name = "Supporting Files";
			sourceTree = "<group>";
		};
		89514D6A1A751C80009E0DAD /* xmlFile */ = {
			isa = PBXGroup;
			children = (
				89514D621A74DB99009E0DAD /* haarcascade_eye.xml */,
				89514D641A74DB99009E0DAD /* haarcascade_mcs_nose.xml */,
				89514D651A74DB99009E0DAD /* haarcascade_mcs_mouth.xml */,
				89514D631A74DB99009E0DAD /* haarcascade_frontalface_alt.xml */,
			);
			name = xmlFile;
			sourceTree = "<group>";
		};
/* End PBXGroup section */

/* Begin PBXNativeTarget section */
		894F3D7C1A5FC29600552369 /* Fuwarai_Test */ = {
			isa = PBXNativeTarget;
			buildConfigurationList = 894F3DA31A5FC29600552369 /* Build configuration list for PBXNativeTarget "Fuwarai_Test" */;
			buildPhases = (
				894F3D791A5FC29600552369 /* Sources */,
				894F3D7A1A5FC29600552369 /* Frameworks */,
				894F3D7B1A5FC29600552369 /* Resources */,
			);
			buildRules = (
			);
			dependencies = (
			);
			name = Fuwarai_Test;
			productName = Fuwarai_Test;
			productReference = 894F3D7D1A5FC29600552369 /* Fuwarai_Test.app */;
			productType = "com.apple.product-type.application";
		};
		894F3D981A5FC29600552369 /* Fuwarai_TestTests */ = {
			isa = PBXNativeTarget;
			buildConfigurationList = 894F3DA61A5FC29600552369 /* Build configuration list for PBXNativeTarget "Fuwarai_TestTests" */;
			buildPhases = (
				894F3D951A5FC29600552369 /* Sources */,
				894F3D961A5FC29600552369 /* Frameworks */,
				894F3D971A5FC29600552369 /* Resources */,
			);
			buildRules = (
			);
			dependencies = (
				894F3D9B1A5FC29600552369 /* PBXTargetDependency */,
			);
			name = Fuwarai_TestTests;
			productName = Fuwarai_TestTests;
			productReference = 894F3D991A5FC29600552369 /* Fuwarai_TestTests.xctest */;
			productType = "com.apple.product-type.bundle.unit-test";
		};
/* End PBXNativeTarget section */

/* Begin PBXProject section */
		894F3D751A5FC29600552369 /* Project object */ = {
			isa = PBXProject;
			attributes = {
				LastUpgradeCheck = 0610;
				ORGANIZATIONNAME = KosukeSone;
				TargetAttributes = {
					894F3D7C1A5FC29600552369 = {
						CreatedOnToolsVersion = 6.1.1;
					};
					894F3D981A5FC29600552369 = {
						CreatedOnToolsVersion = 6.1.1;
						TestTargetID = 894F3D7C1A5FC29600552369;
					};
				};
			};
			buildConfigurationList = 894F3D781A5FC29600552369 /* Build configuration list for PBXProject "Fuwarai_Test" */;
			compatibilityVersion = "Xcode 3.2";
			developmentRegion = English;
			hasScannedForEncodings = 0;
			knownRegions = (
				en,
				Base,
			);
			mainGroup = 894F3D741A5FC29600552369;
			productRefGroup = 894F3D7E1A5FC29600552369 /* Products */;
			projectDirPath = "";
			projectRoot = "";
			targets = (
				894F3D7C1A5FC29600552369 /* Fuwarai_Test */,
				894F3D981A5FC29600552369 /* Fuwarai_TestTests */,
			);
		};
/* End PBXProject section */

/* Begin PBXResourcesBuildPhase section */
		894F3D7B1A5FC29600552369 /* Resources */ = {
			isa = PBXResourcesBuildPhase;
			buildActionMask = 2147483647;
			files = (
				89514D691A74DB99009E0DAD /* haarcascade_mcs_mouth.xml in Resources */,
				89514D671A74DB99009E0DAD /* haarcascade_frontalface_alt.xml in Resources */,
				89514D661A74DB99009E0DAD /* haarcascade_eye.xml in Resources */,
				894F3D8F1A5FC29600552369 /* Main.storyboard in Resources */,
				894F3D941A5FC29600552369 /* LaunchScreen.xib in Resources */,
				894F3D911A5FC29600552369 /* Images.xcassets in Resources */,
				89514D681A74DB99009E0DAD /* haarcascade_mcs_nose.xml in Resources */,
			);
			runOnlyForDeploymentPostprocessing = 0;
		};
		894F3D971A5FC29600552369 /* Resources */ = {
			isa = PBXResourcesBuildPhase;
			buildActionMask = 2147483647;
			files = (
			);
			runOnlyForDeploymentPostprocessing = 0;
		};
/* End PBXResourcesBuildPhase section */

/* Begin PBXSourcesBuildPhase section */
		894F3D791A5FC29600552369 /* Sources */ = {
			isa = PBXSourcesBuildPhase;
			buildActionMask = 2147483647;
			files = (
				894F3D861A5FC29600552369 /* AppDelegate.m in Sources */,
				89B315821A77E59400014D05 /* ThumViewController.m in Sources */,
				89514D5F1A735A5C009E0DAD /* AfterTakePhotViewController.mm in Sources */,
				8915417E1A7A716600501DC1 /* AlbumTableViewCell.m in Sources */,
				894F3D831A5FC29600552369 /* main.m in Sources */,
				894F3D8C1A5FC29600552369 /* ViewController.m in Sources */,
				8915417B1A7A6C7700501DC1 /* AlbumTableViewController.m in Sources */,
				894F3D891A5FC29600552369 /* Fuwarai_Test.xcdatamodeld in Sources */,
			);
			runOnlyForDeploymentPostprocessing = 0;
		};
		894F3D951A5FC29600552369 /* Sources */ = {
			isa = PBXSourcesBuildPhase;
			buildActionMask = 2147483647;
			files = (
				894F3DA01A5FC29600552369 /* Fuwarai_TestTests.m in Sources */,
			);
			runOnlyForDeploymentPostprocessing = 0;
		};
/* End PBXSourcesBuildPhase section */

/* Begin PBXTargetDependency section */
		894F3D9B1A5FC29600552369 /* PBXTargetDependency */ = {
			isa = PBXTargetDependency;
			target = 894F3D7C1A5FC29600552369 /* Fuwarai_Test */;
			targetProxy = 894F3D9A1A5FC29600552369 /* PBXContainerItemProxy */;
		};
/* End PBXTargetDependency section */

/* Begin PBXVariantGroup section */
		894F3D8D1A5FC29600552369 /* Main.storyboard */ = {
			isa = PBXVariantGroup;
			children = (
				894F3D8E1A5FC29600552369 /* Base */,
			);
			name = Main.storyboard;
			sourceTree = "<group>";
		};
		894F3D921A5FC29600552369 /* LaunchScreen.xib */ = {
			isa = PBXVariantGroup;
			children = (
				894F3D931A5FC29600552369 /* Base */,
			);
			name = LaunchScreen.xib;
			sourceTree = "<group>";
		};
/* End PBXVariantGroup section */

/* Begin XCBuildConfiguration section */
		894F3DA11A5FC29600552369 /* Debug */ = {
			isa = XCBuildConfiguration;
			buildSettings = {
				ALWAYS_SEARCH_USER_PATHS = NO;
				CLANG_CXX_LANGUAGE_STANDARD = "gnu++0x";
				CLANG_CXX_LIBRARY = "libc++";
				CLANG_ENABLE_MODULES = YES;
				CLANG_ENABLE_OBJC_ARC = YES;
				CLANG_WARN_BOOL_CONVERSION = YES;
				CLANG_WARN_CONSTANT_CONVERSION = YES;
				CLANG_WARN_DIRECT_OBJC_ISA_USAGE = YES_ERROR;
				CLANG_WARN_EMPTY_BODY = YES;
				CLANG_WARN_ENUM_CONVERSION = YES;
				CLANG_WARN_INT_CONVERSION = YES;
				CLANG_WARN_OBJC_ROOT_CLASS = YES_ERROR;
				CLANG_WARN_UNREACHABLE_CODE = YES;
				CLANG_WARN__DUPLICATE_METHOD_MATCH = YES;
				"CODE_SIGN_IDENTITY[sdk=iphoneos*]" = "iPhone Developer";
				COPY_PHASE_STRIP = NO;
				ENABLE_STRICT_OBJC_MSGSEND = YES;
				GCC_C_LANGUAGE_STANDARD = gnu99;
				GCC_DYNAMIC_NO_PIC = NO;
				GCC_OPTIMIZATION_LEVEL = 0;
				GCC_PREPROCESSOR_DEFINITIONS = (
					"DEBUG=1",
					"$(inherited)",
				);
				GCC_SYMBOLS_PRIVATE_EXTERN = NO;
				GCC_WARN_64_TO_32_BIT_CONVERSION = YES;
				GCC_WARN_ABOUT_RETURN_TYPE = YES_ERROR;
				GCC_WARN_UNDECLARED_SELECTOR = YES;
				GCC_WARN_UNINITIALIZED_AUTOS = YES_AGGRESSIVE;
				GCC_WARN_UNUSED_FUNCTION = YES;
				GCC_WARN_UNUSED_VARIABLE = YES;
				IPHONEOS_DEPLOYMENT_TARGET = 8.1;
				MTL_ENABLE_DEBUG_INFO = YES;
				ONLY_ACTIVE_ARCH = YES;
				SDKROOT = iphoneos;
				TARGETED_DEVICE_FAMILY = "1,2";
			};
			name = Debug;
		};
		894F3DA21A5FC29600552369 /* Release */ = {
			isa = XCBuildConfiguration;
			buildSettings = {
				ALWAYS_SEARCH_USER_PATHS = NO;
				CLANG_CXX_LANGUAGE_STANDARD = "gnu++0x";
				CLANG_CXX_LIBRARY = "libc++";
				CLANG_ENABLE_MODULES = YES;
				CLANG_ENABLE_OBJC_ARC = YES;
				CLANG_WARN_BOOL_CONVERSION = YES;
				CLANG_WARN_CONSTANT_CONVERSION = YES;
				CLANG_WARN_DIRECT_OBJC_ISA_USAGE = YES_ERROR;
				CLANG_WARN_EMPTY_BODY = YES;
				CLANG_WARN_ENUM_CONVERSION = YES;
				CLANG_WARN_INT_CONVERSION = YES;
				CLANG_WARN_OBJC_ROOT_CLASS = YES_ERROR;
				CLANG_WARN_UNREACHABLE_CODE = YES;
				CLANG_WARN__DUPLICATE_METHOD_MATCH = YES;
				"CODE_SIGN_IDENTITY[sdk=iphoneos*]" = "iPhone Developer";
				COPY_PHASE_STRIP = YES;
				ENABLE_NS_ASSERTIONS = NO;
				ENABLE_STRICT_OBJC_MSGSEND = YES;
				GCC_C_LANGUAGE_STANDARD = gnu99;
				GCC_WARN_64_TO_32_BIT_CONVERSION = YES;
				GCC_WARN_ABOUT_RETURN_TYPE = YES_ERROR;
				GCC_WARN_UNDECLARED_SELECTOR = YES;
				GCC_WARN_UNINITIALIZED_AUTOS = YES_AGGRESSIVE;
				GCC_WARN_UNUSED_FUNCTION = YES;
				GCC_WARN_UNUSED_VARIABLE = YES;
				IPHONEOS_DEPLOYMENT_TARGET = 8.1;
				MTL_ENABLE_DEBUG_INFO = NO;
				SDKROOT = iphoneos;
				TARGETED_DEVICE_FAMILY = "1,2";
				VALIDATE_PRODUCT = YES;
			};
			name = Release;
		};
		894F3DA41A5FC29600552369 /* Debug */ = {
			isa = XCBuildConfiguration;
			buildSettings = {
				ASSETCATALOG_COMPILER_APPICON_NAME = AppIcon;
				FRAMEWORK_SEARCH_PATHS = (
					"$(inherited)",
					/Users/sonekousuke/Documents/GC4/NewApplication,
				);
				INFOPLIST_FILE = Fuwarai_Test/Info.plist;
				LD_RUNPATH_SEARCH_PATHS = "$(inherited) @executable_path/Frameworks";
				PRODUCT_NAME = "$(TARGET_NAME)";
			};
			name = Debug;
		};
		894F3DA51A5FC29600552369 /* Release */ = {
			isa = XCBuildConfiguration;
			buildSettings = {
				ASSETCATALOG_COMPILER_APPICON_NAME = AppIcon;
				FRAMEWORK_SEARCH_PATHS = (
					"$(inherited)",
					/Users/sonekousuke/Documents/GC4/NewApplication,
				);
				INFOPLIST_FILE = Fuwarai_Test/Info.plist;
				LD_RUNPATH_SEARCH_PATHS = "$(inherited) @executable_path/Frameworks";
				PRODUCT_NAME = "$(TARGET_NAME)";
			};
			name = Release;
		};
		894F3DA71A5FC29600552369 /* Debug */ = {
			isa = XCBuildConfiguration;
			buildSettings = {
				BUNDLE_LOADER = "$(TEST_HOST)";
				FRAMEWORK_SEARCH_PATHS = (
					"$(SDKROOT)/Developer/Library/Frameworks",
					"$(inherited)",
				);
				GCC_PREPROCESSOR_DEFINITIONS = (
					"DEBUG=1",
					"$(inherited)",
				);
				INFOPLIST_FILE = Fuwarai_TestTests/Info.plist;
				LD_RUNPATH_SEARCH_PATHS = "$(inherited) @executable_path/Frameworks @loader_path/Frameworks";
				PRODUCT_NAME = "$(TARGET_NAME)";
				TEST_HOST = "$(BUILT_PRODUCTS_DIR)/Fuwarai_Test.app/Fuwarai_Test";
			};
			name = Debug;
		};
		894F3DA81A5FC29600552369 /* Release */ = {
			isa = XCBuildConfiguration;
			buildSettings = {
				BUNDLE_LOADER = "$(TEST_HOST)";
				FRAMEWORK_SEARCH_PATHS = (
					"$(SDKROOT)/Developer/Library/Frameworks",
					"$(inherited)",
				);
				INFOPLIST_FILE = Fuwarai_TestTests/Info.plist;
				LD_RUNPATH_SEARCH_PATHS = "$(inherited) @executable_path/Frameworks @loader_path/Frameworks";
				PRODUCT_NAME = "$(TARGET_NAME)";
				TEST_HOST = "$(BUILT_PRODUCTS_DIR)/Fuwarai_Test.app/Fuwarai_Test";
			};
			name = Release;
		};
/* End XCBuildConfiguration section */

/* Begin XCConfigurationList section */
		894F3D781A5FC29600552369 /* Build configuration list for PBXProject "Fuwarai_Test" */ = {
			isa = XCConfigurationList;
			buildConfigurations = (
				894F3DA11A5FC29600552369 /* Debug */,
				894F3DA21A5FC29600552369 /* Release */,
			);
			defaultConfigurationIsVisible = 0;
			defaultConfigurationName = Release;
		};
		894F3DA31A5FC29600552369 /* Build configuration list for PBXNativeTarget "Fuwarai_Test" */ = {
			isa = XCConfigurationList;
			buildConfigurations = (
				894F3DA41A5FC29600552369 /* Debug */,
				894F3DA51A5FC29600552369 /* Release */,
			);
			defaultConfigurationIsVisible = 0;
			defaultConfigurationName = Release;
		};
		894F3DA61A5FC29600552369 /* Build configuration list for PBXNativeTarget "Fuwarai_TestTests" */ = {
			isa = XCConfigurationList;
			buildConfigurations = (
				894F3DA71A5FC29600552369 /* Debug */,
				894F3DA81A5FC29600552369 /* Release */,
			);
			defaultConfigurationIsVisible = 0;
			defaultConfigurationName = Release;
		};
/* End XCConfigurationList section */

/* Begin XCVersionGroup section */
		894F3D871A5FC29600552369 /* Fuwarai_Test.xcdatamodeld */ = {
			isa = XCVersionGroup;
			children = (
				894F3D881A5FC29600552369 /* Fuwarai_Test.xcdatamodel */,
			);
			currentVersion = 894F3D881A5FC29600552369 /* Fuwarai_Test.xcdatamodel */;
			path = Fuwarai_Test.xcdatamodeld;
			sourceTree = "<group>";
			versionGroupType = wrapper.xcdatamodel;
		};
/* End XCVersionGroup section */
	};
	rootObject = 894F3D751A5FC29600552369 /* Project object */;
}
